// !$*UTF8*$!
{
	archiveVersion = 1;
	classes = {
	};
	objectVersion = 48;
	objects = {

/* Begin PBXBuildFile section */
		BCADF1598124D16B39435020 /* Pods_delta_buddy.framework in Frameworks */ = {isa = PBXBuildFile; fileRef = EC0EC5B9EF3BD6023B38F22A /* Pods_delta_buddy.framework */; };
		C202AD091F9297A300EA3F71 /* AppDelegate.swift in Sources */ = {isa = PBXBuildFile; fileRef = C202AD081F9297A300EA3F71 /* AppDelegate.swift */; };
		C202AD0B1F9297A300EA3F71 /* ViewController.swift in Sources */ = {isa = PBXBuildFile; fileRef = C202AD0A1F9297A300EA3F71 /* ViewController.swift */; };
		C202AD0E1F9297A300EA3F71 /* Main.storyboard in Resources */ = {isa = PBXBuildFile; fileRef = C202AD0C1F9297A300EA3F71 /* Main.storyboard */; };
		C202AD101F9297A300EA3F71 /* Assets.xcassets in Resources */ = {isa = PBXBuildFile; fileRef = C202AD0F1F9297A300EA3F71 /* Assets.xcassets */; };
		C202AD131F9297A300EA3F71 /* LaunchScreen.storyboard in Resources */ = {isa = PBXBuildFile; fileRef = C202AD111F9297A300EA3F71 /* LaunchScreen.storyboard */; };
/* End PBXBuildFile section */

/* Begin PBXFileReference section */
		420AC256A09F900C7AEC8482 /* Pods-delta-buddy.release.xcconfig */ = {isa = PBXFileReference; includeInIndex = 1; lastKnownFileType = text.xcconfig; name = "Pods-delta-buddy.release.xcconfig"; path = "Pods/Target Support Files/Pods-delta-buddy/Pods-delta-buddy.release.xcconfig"; sourceTree = "<group>"; };
		57EAB9832665506B0A14253C /* Pods-delta-buddy.debug.xcconfig */ = {isa = PBXFileReference; includeInIndex = 1; lastKnownFileType = text.xcconfig; name = "Pods-delta-buddy.debug.xcconfig"; path = "Pods/Target Support Files/Pods-delta-buddy/Pods-delta-buddy.debug.xcconfig"; sourceTree = "<group>"; };
		C202AD051F9297A300EA3F71 /* delta-buddy.app */ = {isa = PBXFileReference; explicitFileType = wrapper.application; includeInIndex = 0; path = "delta-buddy.app"; sourceTree = BUILT_PRODUCTS_DIR; };
		C202AD081F9297A300EA3F71 /* AppDelegate.swift */ = {isa = PBXFileReference; lastKnownFileType = sourcecode.swift; path = AppDelegate.swift; sourceTree = "<group>"; };
		C202AD0A1F9297A300EA3F71 /* ViewController.swift */ = {isa = PBXFileReference; lastKnownFileType = sourcecode.swift; path = ViewController.swift; sourceTree = "<group>"; };
		C202AD0D1F9297A300EA3F71 /* Base */ = {isa = PBXFileReference; lastKnownFileType = file.storyboard; name = Base; path = Base.lproj/Main.storyboard; sourceTree = "<group>"; };
		C202AD0F1F9297A300EA3F71 /* Assets.xcassets */ = {isa = PBXFileReference; lastKnownFileType = folder.assetcatalog; path = Assets.xcassets; sourceTree = "<group>"; };
		C202AD121F9297A300EA3F71 /* Base */ = {isa = PBXFileReference; lastKnownFileType = file.storyboard; name = Base; path = Base.lproj/LaunchScreen.storyboard; sourceTree = "<group>"; };
		C202AD141F9297A300EA3F71 /* Info.plist */ = {isa = PBXFileReference; lastKnownFileType = text.plist.xml; path = Info.plist; sourceTree = "<group>"; };
		EC0EC5B9EF3BD6023B38F22A /* Pods_delta_buddy.framework */ = {isa = PBXFileReference; explicitFileType = wrapper.framework; includeInIndex = 0; path = Pods_delta_buddy.framework; sourceTree = BUILT_PRODUCTS_DIR; };
/* End PBXFileReference section */

/* Begin PBXFrameworksBuildPhase section */
		C202AD021F9297A300EA3F71 /* Frameworks */ = {
			isa = PBXFrameworksBuildPhase;
			buildActionMask = 2147483647;
			files = (
				BCADF1598124D16B39435020 /* Pods_delta_buddy.framework in Frameworks */,
			);
			runOnlyForDeploymentPostprocessing = 0;
		};
/* End PBXFrameworksBuildPhase section */

/* Begin PBXGroup section */
		C202ACFC1F9297A300EA3F71 = {
			isa = PBXGroup;
			children = (
				C202AD071F9297A300EA3F71 /* delta-buddy */,
				C202AD061F9297A300EA3F71 /* Products */,
				E888D851BFCA8E03A29D1233 /* Pods */,
				D735B36424F4FB670D808448 /* Frameworks */,
			);
			sourceTree = "<group>";
		};
		C202AD061F9297A300EA3F71 /* Products */ = {
			isa = PBXGroup;
			children = (
				C202AD051F9297A300EA3F71 /* delta-buddy.app */,
			);
			name = Products;
			sourceTree = "<group>";
		};
		C202AD071F9297A300EA3F71 /* delta-buddy */ = {
			isa = PBXGroup;
			children = (
				C202AD081F9297A300EA3F71 /* AppDelegate.swift */,
				C202AD0A1F9297A300EA3F71 /* ViewController.swift */,
				C202AD0C1F9297A300EA3F71 /* Main.storyboard */,
				C202AD0F1F9297A300EA3F71 /* Assets.xcassets */,
				C202AD111F9297A300EA3F71 /* LaunchScreen.storyboard */,
				C202AD141F9297A300EA3F71 /* Info.plist */,
			);
			path = "delta-buddy";
			sourceTree = "<group>";
		};
		D735B36424F4FB670D808448 /* Frameworks */ = {
			isa = PBXGroup;
			children = (
				EC0EC5B9EF3BD6023B38F22A /* Pods_delta_buddy.framework */,
			);
			name = Frameworks;
			sourceTree = "<group>";
		};
		E888D851BFCA8E03A29D1233 /* Pods */ = {
			isa = PBXGroup;
			children = (
				57EAB9832665506B0A14253C /* Pods-delta-buddy.debug.xcconfig */,
				420AC256A09F900C7AEC8482 /* Pods-delta-buddy.release.xcconfig */,
			);
			name = Pods;
			sourceTree = "<group>";
		};
/* End PBXGroup section */

/* Begin PBXNativeTarget section */
		C202AD041F9297A300EA3F71 /* delta-buddy */ = {
			isa = PBXNativeTarget;
			buildConfigurationList = C202AD171F9297A300EA3F71 /* Build configuration list for PBXNativeTarget "delta-buddy" */;
			buildPhases = (
				B3D690E94E32F418F361B855 /* [CP] Check Pods Manifest.lock */,
				C202AD011F9297A300EA3F71 /* Sources */,
				C202AD021F9297A300EA3F71 /* Frameworks */,
				C202AD031F9297A300EA3F71 /* Resources */,
				E8ECF6CD45D18000DD47B92E /* [CP] Embed Pods Frameworks */,
				712A9A503E2A518D4C660930 /* [CP] Copy Pods Resources */,
			);
			buildRules = (
			);
			dependencies = (
			);
			name = "delta-buddy";
			productName = "delta-buddy";
			productReference = C202AD051F9297A300EA3F71 /* delta-buddy.app */;
			productType = "com.apple.product-type.application";
		};
/* End PBXNativeTarget section */

/* Begin PBXProject section */
		C202ACFD1F9297A300EA3F71 /* Project object */ = {
			isa = PBXProject;
			attributes = {
				LastSwiftUpdateCheck = 0900;
				LastUpgradeCheck = 0900;
				ORGANIZATIONNAME = "Shoji Moto";
				TargetAttributes = {
					C202AD041F9297A300EA3F71 = {
						CreatedOnToolsVersion = 9.0;
						ProvisioningStyle = Automatic;
					};
				};
			};
			buildConfigurationList = C202AD001F9297A300EA3F71 /* Build configuration list for PBXProject "delta-buddy" */;
			compatibilityVersion = "Xcode 8.0";
			developmentRegion = en;
			hasScannedForEncodings = 0;
			knownRegions = (
				en,
				Base,
			);
			mainGroup = C202ACFC1F9297A300EA3F71;
			productRefGroup = C202AD061F9297A300EA3F71 /* Products */;
			projectDirPath = "";
			projectRoot = "";
			targets = (
				C202AD041F9297A300EA3F71 /* delta-buddy */,
			);
		};
/* End PBXProject section */

/* Begin PBXResourcesBuildPhase section */
		C202AD031F9297A300EA3F71 /* Resources */ = {
			isa = PBXResourcesBuildPhase;
			buildActionMask = 2147483647;
			files = (
				C202AD131F9297A300EA3F71 /* LaunchScreen.storyboard in Resources */,
				C202AD101F9297A300EA3F71 /* Assets.xcassets in Resources */,
				C202AD0E1F9297A300EA3F71 /* Main.storyboard in Resources */,
			);
			runOnlyForDeploymentPostprocessing = 0;
		};
/* End PBXResourcesBuildPhase section */

/* Begin PBXShellScriptBuildPhase section */
		712A9A503E2A518D4C660930 /* [CP] Copy Pods Resources */ = {
			isa = PBXShellScriptBuildPhase;
			buildActionMask = 2147483647;
			files = (
			);
			inputPaths = (
			);
			name = "[CP] Copy Pods Resources";
			outputPaths = (
			);
			runOnlyForDeploymentPostprocessing = 0;
			shellPath = /bin/sh;
			shellScript = "\"${SRCROOT}/Pods/Target Support Files/Pods-delta-buddy/Pods-delta-buddy-resources.sh\"\n";
			showEnvVarsInLog = 0;
		};
		B3D690E94E32F418F361B855 /* [CP] Check Pods Manifest.lock */ = {
			isa = PBXShellScriptBuildPhase;
			buildActionMask = 2147483647;
			files = (
			);
			inputPaths = (
				"${PODS_PODFILE_DIR_PATH}/Podfile.lock",
				"${PODS_ROOT}/Manifest.lock",
			);
			name = "[CP] Check Pods Manifest.lock";
			outputPaths = (
				"$(DERIVED_FILE_DIR)/Pods-delta-buddy-checkManifestLockResult.txt",
			);
			runOnlyForDeploymentPostprocessing = 0;
			shellPath = /bin/sh;
			shellScript = "diff \"${PODS_PODFILE_DIR_PATH}/Podfile.lock\" \"${PODS_ROOT}/Manifest.lock\" > /dev/null\nif [ $? != 0 ] ; then\n    # print error to STDERR\n    echo \"error: The sandbox is not in sync with the Podfile.lock. Run 'pod install' or update your CocoaPods installation.\" >&2\n    exit 1\nfi\n# This output is used by Xcode 'outputs' to avoid re-running this script phase.\necho \"SUCCESS\" > \"${SCRIPT_OUTPUT_FILE_0}\"\n";
			showEnvVarsInLog = 0;
		};
		E8ECF6CD45D18000DD47B92E /* [CP] Embed Pods Frameworks */ = {
			isa = PBXShellScriptBuildPhase;
			buildActionMask = 2147483647;
			files = (
			);
			inputPaths = (
				"${SRCROOT}/Pods/Target Support Files/Pods-delta-buddy/Pods-delta-buddy-frameworks.sh",
				"${BUILT_PRODUCTS_DIR}/SwiftyJSON/SwiftyJSON.framework",
			);
			name = "[CP] Embed Pods Frameworks";
			outputPaths = (
				"${TARGET_BUILD_DIR}/${FRAMEWORKS_FOLDER_PATH}/SwiftyJSON.framework",
			);
			runOnlyForDeploymentPostprocessing = 0;
			shellPath = /bin/sh;
			shellScript = "\"${SRCROOT}/Pods/Target Support Files/Pods-delta-buddy/Pods-delta-buddy-frameworks.sh\"\n";
			showEnvVarsInLog = 0;
		};
/* End PBXShellScriptBuildPhase section */

/* Begin PBXSourcesBuildPhase section */
		C202AD011F9297A300EA3F71 /* Sources */ = {
			isa = PBXSourcesBuildPhase;
			buildActionMask = 2147483647;
			files = (
				C202AD0B1F9297A300EA3F71 /* ViewController.swift in Sources */,
				C202AD091F9297A300EA3F71 /* AppDelegate.swift in Sources */,
			);
			runOnlyForDeploymentPostprocessing = 0;
		};
/* End PBXSourcesBuildPhase section */

/* Begin PBXVariantGroup section */
		C202AD0C1F9297A300EA3F71 /* Main.storyboard */ = {
			isa = PBXVariantGroup;
			children = (
				C202AD0D1F9297A300EA3F71 /* Base */,
			);
			name = Main.storyboard;
			sourceTree = "<group>";
		};
		C202AD111F9297A300EA3F71 /* LaunchScreen.storyboard */ = {
			isa = PBXVariantGroup;
			children = (
				C202AD121F9297A300EA3F71 /* Base */,
			);
			name = LaunchScreen.storyboard;
			sourceTree = "<group>";
		};
/* End PBXVariantGroup section */

/* Begin XCBuildConfiguration section */
		C202AD151F9297A300EA3F71 /* Debug */ = {
			isa = XCBuildConfiguration;
			buildSettings = {
				ALWAYS_SEARCH_USER_PATHS = NO;
				CLANG_ANALYZER_NONNULL = YES;
				CLANG_ANALYZER_NUMBER_OBJECT_CONVERSION = YES_AGGRESSIVE;
				CLANG_CXX_LANGUAGE_STANDARD = "gnu++14";
				CLANG_CXX_LIBRARY = "libc++";
				CLANG_ENABLE_MODULES = YES;
				CLANG_ENABLE_OBJC_ARC = YES;
				CLANG_WARN_BLOCK_CAPTURE_AUTORELEASING = YES;
				CLANG_WARN_BOOL_CONVERSION = YES;
				CLANG_WARN_COMMA = YES;
				CLANG_WARN_CONSTANT_CONVERSION = YES;
				CLANG_WARN_DIRECT_OBJC_ISA_USAGE = YES_ERROR;
				CLANG_WARN_DOCUMENTATION_COMMENTS = YES;
				CLANG_WARN_EMPTY_BODY = YES;
				CLANG_WARN_ENUM_CONVERSION = YES;
				CLANG_WARN_INFINITE_RECURSION = YES;
				CLANG_WARN_INT_CONVERSION = YES;
				CLANG_WARN_NON_LITERAL_NULL_CONVERSION = YES;
				CLANG_WARN_OBJC_LITERAL_CONVERSION = YES;
				CLANG_WARN_OBJC_ROOT_CLASS = YES_ERROR;
				CLANG_WARN_RANGE_LOOP_ANALYSIS = YES;
				CLANG_WARN_STRICT_PROTOTYPES = YES;
				CLANG_WARN_SUSPICIOUS_MOVE = YES;
				CLANG_WARN_UNGUARDED_AVAILABILITY = YES_AGGRESSIVE;
				CLANG_WARN_UNREACHABLE_CODE = YES;
				CLANG_WARN__DUPLICATE_METHOD_MATCH = YES;
				CODE_SIGN_IDENTITY = "iPhone Developer";
				COPY_PHASE_STRIP = NO;
				DEBUG_INFORMATION_FORMAT = dwarf;
				ENABLE_STRICT_OBJC_MSGSEND = YES;
				ENABLE_TESTABILITY = YES;
				GCC_C_LANGUAGE_STANDARD = gnu11;
				GCC_DYNAMIC_NO_PIC = NO;
				GCC_NO_COMMON_BLOCKS = YES;
				GCC_OPTIMIZATION_LEVEL = 0;
				GCC_PREPROCESSOR_DEFINITIONS = (
					"DEBUG=1",
					"$(inherited)",
				);
				GCC_WARN_64_TO_32_BIT_CONVERSION = YES;
				GCC_WARN_ABOUT_RETURN_TYPE = YES_ERROR;
				GCC_WARN_UNDECLARED_SELECTOR = YES;
				GCC_WARN_UNINITIALIZED_AUTOS = YES_AGGRESSIVE;
				GCC_WARN_UNUSED_FUNCTION = YES;
				GCC_WARN_UNUSED_VARIABLE = YES;
				IPHONEOS_DEPLOYMENT_TARGET = 11.0;
				MTL_ENABLE_DEBUG_INFO = YES;
				ONLY_ACTIVE_ARCH = YES;
				SDKROOT = iphoneos;
				SWIFT_ACTIVE_COMPILATION_CONDITIONS = DEBUG;
				SWIFT_OPTIMIZATION_LEVEL = "-Onone";
			};
			name = Debug;
		};
		C202AD161F9297A300EA3F71 /* Release */ = {
			isa = XCBuildConfiguration;
			buildSettings = {
				ALWAYS_SEARCH_USER_PATHS = NO;
				CLANG_ANALYZER_NONNULL = YES;
				CLANG_ANALYZER_NUMBER_OBJECT_CONVERSION = YES_AGGRESSIVE;
				CLANG_CXX_LANGUAGE_STANDARD = "gnu++14";
				CLANG_CXX_LIBRARY = "libc++";
				CLANG_ENABLE_MODULES = YES;
				CLANG_ENABLE_OBJC_ARC = YES;
				CLANG_WARN_BLOCK_CAPTURE_AUTORELEASING = YES;
				CLANG_WARN_BOOL_CONVERSION = YES;
				CLANG_WARN_COMMA = YES;
				CLANG_WARN_CONSTANT_CONVERSION = YES;
				CLANG_WARN_DIRECT_OBJC_ISA_USAGE = YES_ERROR;
				CLANG_WARN_DOCUMENTATION_COMMENTS = YES;
				CLANG_WARN_EMPTY_BODY = YES;
				CLANG_WARN_ENUM_CONVERSION = YES;
				CLANG_WARN_INFINITE_RECURSION = YES;
				CLANG_WARN_INT_CONVERSION = YES;
				CLANG_WARN_NON_LITERAL_NULL_CONVERSION = YES;
				CLANG_WARN_OBJC_LITERAL_CONVERSION = YES;
				CLANG_WARN_OBJC_ROOT_CLASS = YES_ERROR;
				CLANG_WARN_RANGE_LOOP_ANALYSIS = YES;
				CLANG_WARN_STRICT_PROTOTYPES = YES;
				CLANG_WARN_SUSPICIOUS_MOVE = YES;
				CLANG_WARN_UNGUARDED_AVAILABILITY = YES_AGGRESSIVE;
				CLANG_WARN_UNREACHABLE_CODE = YES;
				CLANG_WARN__DUPLICATE_METHOD_MATCH = YES;
				CODE_SIGN_IDENTITY = "iPhone Developer";
				COPY_PHASE_STRIP = NO;
				DEBUG_INFORMATION_FORMAT = "dwarf-with-dsym";
				ENABLE_NS_ASSERTIONS = NO;
				ENABLE_STRICT_OBJC_MSGSEND = YES;
				GCC_C_LANGUAGE_STANDARD = gnu11;
				GCC_NO_COMMON_BLOCKS = YES;
				GCC_WARN_64_TO_32_BIT_CONVERSION = YES;
				GCC_WARN_ABOUT_RETURN_TYPE = YES_ERROR;
				GCC_WARN_UNDECLARED_SELECTOR = YES;
				GCC_WARN_UNINITIALIZED_AUTOS = YES_AGGRESSIVE;
				GCC_WARN_UNUSED_FUNCTION = YES;
				GCC_WARN_UNUSED_VARIABLE = YES;
				IPHONEOS_DEPLOYMENT_TARGET = 11.0;
				MTL_ENABLE_DEBUG_INFO = NO;
				SDKROOT = iphoneos;
				SWIFT_OPTIMIZATION_LEVEL = "-Owholemodule";
				VALIDATE_PRODUCT = YES;
			};
			name = Release;
		};
		C202AD181F9297A300EA3F71 /* Debug */ = {
			isa = XCBuildConfiguration;
			baseConfigurationReference = 57EAB9832665506B0A14253C /* Pods-delta-buddy.debug.xcconfig */;
			buildSettings = {
				ASSETCATALOG_COMPILER_APPICON_NAME = AppIcon;
				CODE_SIGN_STYLE = Automatic;
				DEVELOPMENT_TEAM = NWZUJX4ELY;
				INFOPLIST_FILE = "delta-buddy/Info.plist";
				LD_RUNPATH_SEARCH_PATHS = "$(inherited) @executable_path/Frameworks";
				PRODUCT_BUNDLE_IDENTIFIER = "com.smoto.delta-buddy";
				PRODUCT_NAME = "$(TARGET_NAME)";
				SWIFT_VERSION = 4.0;
				TARGETED_DEVICE_FAMILY = "1,2";
			};
			name = Debug;
		};
		C202AD191F9297A300EA3F71 /* Release */ = {
			isa = XCBuildConfiguration;
			baseConfigurationReference = 420AC256A09F900C7AEC8482 /* Pods-delta-buddy.release.xcconfig */;
			buildSettings = {
				ASSETCATALOG_COMPILER_APPICON_NAME = AppIcon;
				CODE_SIGN_STYLE = Automatic;
				DEVELOPMENT_TEAM = NWZUJX4ELY;
				INFOPLIST_FILE = "delta-buddy/Info.plist";
				LD_RUNPATH_SEARCH_PATHS = "$(inherited) @executable_path/Frameworks";
				PRODUCT_BUNDLE_IDENTIFIER = "com.smoto.delta-buddy";
				PRODUCT_NAME = "$(TARGET_NAME)";
				SWIFT_VERSION = 4.0;
				TARGETED_DEVICE_FAMILY = "1,2";
			};
			name = Release;
		};
/* End XCBuildConfiguration section */

/* Begin XCConfigurationList section */
		C202AD001F9297A300EA3F71 /* Build configuration list for PBXProject "delta-buddy" */ = {
			isa = XCConfigurationList;
			buildConfigurations = (
				C202AD151F9297A300EA3F71 /* Debug */,
				C202AD161F9297A300EA3F71 /* Release */,
			);
			defaultConfigurationIsVisible = 0;
			defaultConfigurationName = Release;
		};
		C202AD171F9297A300EA3F71 /* Build configuration list for PBXNativeTarget "delta-buddy" */ = {
			isa = XCConfigurationList;
			buildConfigurations = (
				C202AD181F9297A300EA3F71 /* Debug */,
				C202AD191F9297A300EA3F71 /* Release */,
			);
			defaultConfigurationIsVisible = 0;
			defaultConfigurationName = Release;
		};
/* End XCConfigurationList section */
	};
	rootObject = C202ACFD1F9297A300EA3F71 /* Project object */;
}
